
Microsoft Visual Studio Solution File, Format Version 12.00
# Visual Studio Version 16
VisualStudioVersion = 16.0.30503.244
MinimumVisualStudioVersion = 10.0.40219.1
Project("{F184B08F-C81C-45F6-A57F-5ABD9991F28F}") = "Stopwatch", "Stopwatch\Stopwatch.vbproj", "{8582027F-A5BD-4611-9C44-338065B6D765}"
EndProject
Global
	GlobalSection(SolutionConfigurationPlatforms) = preSolution
		Debug|Any CPU = Debug|Any CPU
		Release|Any CPU = Release|Any CPU
	EndGlobalSection
	GlobalSection(ProjectConfigurationPlatforms) = postSolution
		{8582027F-A5BD-4611-9C44-338065B6D765}.Debug|Any CPU.ActiveCfg = Debug|Any CPU
		{8582027F-A5BD-4611-9C44-338065B6D765}.Debug|Any CPU.Build.0 = Debug|Any CPU
		{8582027F-A5BD-4611-9C44-338065B6D765}.Release|Any CPU.ActiveCfg = Release|Any CPU
		{8582027F-A5BD-4611-9C44-338065B6D765}.Release|Any CPU.Build.0 = Release|Any CPU
	EndGlobalSection
	GlobalSection(SolutionProperties) = preSolution
		HideSolutionNode = FALSE
	EndGlobalSection
	GlobalSection(ExtensibilityGlobals) = postSolution
		SolutionGuid = {572BE55E-824F-45CB-8FAF-ED8DCDCD83A2}
	EndGlobalSection
EndGlobal
